
Microsoft Visual Studio Solution File, Format Version 12.00
# Visual Studio Version 16
VisualStudioVersion = 16.0.29709.97
MinimumVisualStudioVersion = 10.0.40219.1
Project("{FAE04EC0-301F-11D3-BF4B-00C04F79EFBC}") = "UnityProject", "UnityProject\UnityProject.csproj", "{CA2EB234-C669-4247-A0E2-9AADEF4F6A5C}"
EndProject
Project("{FAE04EC0-301F-11D3-BF4B-00C04F79EFBC}") = "UnityProject.Tests", "UnityProject.Tests\UnityProject.Tests.csproj", "{C3FD65F7-A3E3-4FC1-98F1-D3CC9A94F610}"
EndProject
Project("{FAE04EC0-301F-11D3-BF4B-00C04F79EFBC}") = "UnityProject.Services", "UnityProject.Services\UnityProject.Services.csproj", "{F015EE47-95CB-461D-9BC2-0797309F6BC8}"
EndProject
Project("{FAE04EC0-301F-11D3-BF4B-00C04F79EFBC}") = "UnityProject.IServices", "UnityProject.IServices\UnityProject.IServices.csproj", "{07C17B59-56FD-4D17-91C7-2B3DC946796B}"
EndProject
Global
	GlobalSection(SolutionConfigurationPlatforms) = preSolution
		Debug|Any CPU = Debug|Any CPU
		Release|Any CPU = Release|Any CPU
	EndGlobalSection
	GlobalSection(ProjectConfigurationPlatforms) = postSolution
		{CA2EB234-C669-4247-A0E2-9AADEF4F6A5C}.Debug|Any CPU.ActiveCfg = Debug|Any CPU
		{CA2EB234-C669-4247-A0E2-9AADEF4F6A5C}.Debug|Any CPU.Build.0 = Debug|Any CPU
		{CA2EB234-C669-4247-A0E2-9AADEF4F6A5C}.Release|Any CPU.ActiveCfg = Release|Any CPU
		{CA2EB234-C669-4247-A0E2-9AADEF4F6A5C}.Release|Any CPU.Build.0 = Release|Any CPU
		{C3FD65F7-A3E3-4FC1-98F1-D3CC9A94F610}.Debug|Any CPU.ActiveCfg = Debug|Any CPU
		{C3FD65F7-A3E3-4FC1-98F1-D3CC9A94F610}.Debug|Any CPU.Build.0 = Debug|Any CPU
		{C3FD65F7-A3E3-4FC1-98F1-D3CC9A94F610}.Release|Any CPU.ActiveCfg = Release|Any CPU
		{C3FD65F7-A3E3-4FC1-98F1-D3CC9A94F610}.Release|Any CPU.Build.0 = Release|Any CPU
		{F015EE47-95CB-461D-9BC2-0797309F6BC8}.Debug|Any CPU.ActiveCfg = Debug|Any CPU
		{F015EE47-95CB-461D-9BC2-0797309F6BC8}.Debug|Any CPU.Build.0 = Debug|Any CPU
		{F015EE47-95CB-461D-9BC2-0797309F6BC8}.Release|Any CPU.ActiveCfg = Release|Any CPU
		{F015EE47-95CB-461D-9BC2-0797309F6BC8}.Release|Any CPU.Build.0 = Release|Any CPU
		{07C17B59-56FD-4D17-91C7-2B3DC946796B}.Debug|Any CPU.ActiveCfg = Debug|Any CPU
		{07C17B59-56FD-4D17-91C7-2B3DC946796B}.Debug|Any CPU.Build.0 = Debug|Any CPU
		{07C17B59-56FD-4D17-91C7-2B3DC946796B}.Release|Any CPU.ActiveCfg = Release|Any CPU
		{07C17B59-56FD-4D17-91C7-2B3DC946796B}.Release|Any CPU.Build.0 = Release|Any CPU
	EndGlobalSection
	GlobalSection(SolutionProperties) = preSolution
		HideSolutionNode = FALSE
	EndGlobalSection
	GlobalSection(ExtensibilityGlobals) = postSolution
		SolutionGuid = {BB6510DA-1FE5-4E51-8ADF-12B3FF404315}
	EndGlobalSection
EndGlobal
